
Microsoft Visual Studio Solution File, Format Version 12.00
# Visual Studio 15
VisualStudioVersion = 15.0.28307.489
MinimumVisualStudioVersion = 10.0.40219.1
Project("{FAE04EC0-301F-11D3-BF4B-00C04F79EFBC}") = "LendingLibrary", "LendingLibrary\LendingLibrary.csproj", "{0ADB19DB-371C-48AA-B79B-8A1AAAD9A4E0}"
EndProject
Project("{FAE04EC0-301F-11D3-BF4B-00C04F79EFBC}") = "XUnitTestProject1", "XUnitTestProject1\XUnitTestProject1.csproj", "{782CBEC1-9116-4377-9C37-71B7410FCFA1}"
EndProject
Global
	GlobalSection(SolutionConfigurationPlatforms) = preSolution
		Debug|Any CPU = Debug|Any CPU
		Release|Any CPU = Release|Any CPU
	EndGlobalSection
	GlobalSection(ProjectConfigurationPlatforms) = postSolution
		{0ADB19DB-371C-48AA-B79B-8A1AAAD9A4E0}.Debug|Any CPU.ActiveCfg = Debug|Any CPU
		{0ADB19DB-371C-48AA-B79B-8A1AAAD9A4E0}.Debug|Any CPU.Build.0 = Debug|Any CPU
		{0ADB19DB-371C-48AA-B79B-8A1AAAD9A4E0}.Release|Any CPU.ActiveCfg = Release|Any CPU
		{0ADB19DB-371C-48AA-B79B-8A1AAAD9A4E0}.Release|Any CPU.Build.0 = Release|Any CPU
		{782CBEC1-9116-4377-9C37-71B7410FCFA1}.Debug|Any CPU.ActiveCfg = Debug|Any CPU
		{782CBEC1-9116-4377-9C37-71B7410FCFA1}.Debug|Any CPU.Build.0 = Debug|Any CPU
		{782CBEC1-9116-4377-9C37-71B7410FCFA1}.Release|Any CPU.ActiveCfg = Release|Any CPU
		{782CBEC1-9116-4377-9C37-71B7410FCFA1}.Release|Any CPU.Build.0 = Release|Any CPU
	EndGlobalSection
	GlobalSection(SolutionProperties) = preSolution
		HideSolutionNode = FALSE
	EndGlobalSection
	GlobalSection(ExtensibilityGlobals) = postSolution
		SolutionGuid = {D75F40D9-A3B3-47D1-8812-67B32A499CA9}
	EndGlobalSection
EndGlobal
